{
  "version": 4,
  "terraform_version": "1.0.7",
  "serial": 2,
  "lineage": "89931e26-e7fd-8f1f-4bc5-2a222669dbc8",
  "outputs": {},
  "resources": [
    {
      "module": "module.bootstrap",
      "mode": "managed",
      "type": "google_service_account",
      "name": "terraform_service_account",
      "provider": "provider[\"registry.terraform.io/hashicorp/google\"]",
      "instances": [
        {
          "schema_version": 0,
          "attributes": {
            "account_id": "terraform",
            "description": "",
            "disabled": false,
            "display_name": "terraform",
            "email": "terraform@lexoral-prod.iam.gserviceaccount.com",
            "id": "projects/lexoral-prod/serviceAccounts/terraform@lexoral-prod.iam.gserviceaccount.com",
            "name": "projects/lexoral-prod/serviceAccounts/terraform@lexoral-prod.iam.gserviceaccount.com",
            "project": "lexoral-prod",
            "timeouts": {
              "create": null
            },
            "unique_id": "115520669451412592225"
          },
          "sensitive_attributes": [],
          "private": "eyJlMmJmYjczMC1lY2FhLTExZTYtOGY4OC0zNDM2M2JjN2M0YzAiOnsiY3JlYXRlIjozMDAwMDAwMDAwMDB9LCJzY2hlbWFfdmVyc2lvbiI6IjAifQ=="
        }
      ]
    },
    {
      "module": "module.bootstrap",
      "mode": "managed",
      "type": "google_storage_bucket",
      "name": "remote_state",
      "provider": "provider[\"registry.terraform.io/hashicorp/google\"]",
      "instances": [
        {
          "schema_version": 0,
          "attributes": {
            "bucket_policy_only": false,
            "cors": [],
            "default_event_based_hold": false,
            "encryption": [],
            "force_destroy": false,
            "id": "lexoral-prod-tf-state",
            "labels": {},
            "lifecycle_rule": [],
            "location": "EUROPE-WEST2",
            "logging": [],
            "name": "lexoral-prod-tf-state",
            "project": "lexoral-prod",
            "requester_pays": false,
            "retention_policy": [],
            "self_link": "https://www.googleapis.com/storage/v1/b/lexoral-prod-tf-state",
            "storage_class": "REGIONAL",
            "uniform_bucket_level_access": false,
            "url": "gs://lexoral-prod-tf-state",
            "versioning": [
              {
                "enabled": true
              }
            ],
            "website": []
          },
          "sensitive_attributes": [],
          "private": "eyJzY2hlbWFfdmVyc2lvbiI6IjAifQ=="
        }
      ]
    }
  ]
}
